
Microsoft Visual Studio Solution File, Format Version 12.00
# Visual Studio 2012
Project("{2150E333-8FDC-42A3-9474-1A3956D46DE8}") = ".nuget", ".nuget", "{A9BA7010-D1C2-4D39-9F4D-D1B26F9FC068}"
	ProjectSection(SolutionItems) = preProject
		.nuget\NuGet.Config = .nuget\NuGet.Config
		.nuget\NuGet.exe = .nuget\NuGet.exe
		.nuget\NuGet.targets = .nuget\NuGet.targets
		.nuget\packages.config = .nuget\packages.config
	EndProjectSection
EndProject
Project("{FAE04EC0-301F-11D3-BF4B-00C04F79EFBC}") = "GhostscriptSharp", "GhostScriptSharp\GhostscriptSharp.csproj", "{56605627-E6FA-4F47-9440-FB877CEA5C84}"
EndProject
Project("{FAE04EC0-301F-11D3-BF4B-00C04F79EFBC}") = "CompareCloudware.Domain", "CompareCloudware.Domain\CompareCloudware.Domain.csproj", "{9586A4AA-25C3-40AB-B851-0BCEEB0D7098}"
EndProject
Project("{FAE04EC0-301F-11D3-BF4B-00C04F79EFBC}") = "CompareCloudware.POCOQueryRepository", "CompareCloudware.POCOQueryRepository\CompareCloudware.POCOQueryRepository.csproj", "{97DB1E05-3464-477F-A1B6-B45137EF2D46}"
EndProject
Project("{FAE04EC0-301F-11D3-BF4B-00C04F79EFBC}") = "CompareCloudware.Console", "CompareCloudware.Console\CompareCloudware.Console.csproj", "{052B7CB2-A48A-4EE9-A9C2-B806B5A08B3A}"
EndProject
Project("{FAE04EC0-301F-11D3-BF4B-00C04F79EFBC}") = "CompareCloudware.Web", "CompareCloudware.Web\CompareCloudware.Web.csproj", "{8E7E59C1-D959-40B1-8061-B3F4E2D5361F}"
EndProject
Project("{FAE04EC0-301F-11D3-BF4B-00C04F79EFBC}") = "CompareCloudware.SocialNetworking", "CompareCloudware.SocialNetworking\CompareCloudware.SocialNetworking.csproj", "{9BBDDF47-FBB8-4948-BF64-21F797BD4169}"
EndProject
Project("{FAE04EC0-301F-11D3-BF4B-00C04F79EFBC}") = "PagedList", "PagedList-master\src\PagedList\PagedList.csproj", "{DA52D7C3-B871-48EC-B009-AC782AD50266}"
EndProject
Global
	GlobalSection(SolutionConfigurationPlatforms) = preSolution
		Debug|Any CPU = Debug|Any CPU
		Debug|Mixed Platforms = Debug|Mixed Platforms
		Debug|x64 = Debug|x64
		Debug|x86 = Debug|x86
		Release|Any CPU = Release|Any CPU
		Release|Mixed Platforms = Release|Mixed Platforms
		Release|x64 = Release|x64
		Release|x86 = Release|x86
	EndGlobalSection
	GlobalSection(ProjectConfigurationPlatforms) = postSolution
		{56605627-E6FA-4F47-9440-FB877CEA5C84}.Debug|Any CPU.ActiveCfg = Debug|Any CPU
		{56605627-E6FA-4F47-9440-FB877CEA5C84}.Debug|Any CPU.Build.0 = Debug|Any CPU
		{56605627-E6FA-4F47-9440-FB877CEA5C84}.Debug|Mixed Platforms.ActiveCfg = Debug|Any CPU
		{56605627-E6FA-4F47-9440-FB877CEA5C84}.Debug|Mixed Platforms.Build.0 = Debug|Any CPU
		{56605627-E6FA-4F47-9440-FB877CEA5C84}.Debug|x64.ActiveCfg = Debug|x64
		{56605627-E6FA-4F47-9440-FB877CEA5C84}.Debug|x64.Build.0 = Debug|x64
		{56605627-E6FA-4F47-9440-FB877CEA5C84}.Debug|x86.ActiveCfg = Debug|x86
		{56605627-E6FA-4F47-9440-FB877CEA5C84}.Debug|x86.Build.0 = Debug|x86
		{56605627-E6FA-4F47-9440-FB877CEA5C84}.Release|Any CPU.ActiveCfg = Release|Any CPU
		{56605627-E6FA-4F47-9440-FB877CEA5C84}.Release|Any CPU.Build.0 = Release|Any CPU
		{56605627-E6FA-4F47-9440-FB877CEA5C84}.Release|Mixed Platforms.ActiveCfg = Release|Any CPU
		{56605627-E6FA-4F47-9440-FB877CEA5C84}.Release|Mixed Platforms.Build.0 = Release|Any CPU
		{56605627-E6FA-4F47-9440-FB877CEA5C84}.Release|x64.ActiveCfg = Release|Any CPU
		{56605627-E6FA-4F47-9440-FB877CEA5C84}.Release|x86.ActiveCfg = Release|Any CPU
		{9586A4AA-25C3-40AB-B851-0BCEEB0D7098}.Debug|Any CPU.ActiveCfg = Debug|Any CPU
		{9586A4AA-25C3-40AB-B851-0BCEEB0D7098}.Debug|Any CPU.Build.0 = Debug|Any CPU
		{9586A4AA-25C3-40AB-B851-0BCEEB0D7098}.Debug|Mixed Platforms.ActiveCfg = Debug|Any CPU
		{9586A4AA-25C3-40AB-B851-0BCEEB0D7098}.Debug|Mixed Platforms.Build.0 = Debug|Any CPU
		{9586A4AA-25C3-40AB-B851-0BCEEB0D7098}.Debug|x64.ActiveCfg = Debug|x64
		{9586A4AA-25C3-40AB-B851-0BCEEB0D7098}.Debug|x64.Build.0 = Debug|x64
		{9586A4AA-25C3-40AB-B851-0BCEEB0D7098}.Debug|x86.ActiveCfg = Debug|x86
		{9586A4AA-25C3-40AB-B851-0BCEEB0D7098}.Debug|x86.Build.0 = Debug|x86
		{9586A4AA-25C3-40AB-B851-0BCEEB0D7098}.Release|Any CPU.ActiveCfg = Release|Any CPU
		{9586A4AA-25C3-40AB-B851-0BCEEB0D7098}.Release|Any CPU.Build.0 = Release|Any CPU
		{9586A4AA-25C3-40AB-B851-0BCEEB0D7098}.Release|Mixed Platforms.ActiveCfg = Release|Any CPU
		{9586A4AA-25C3-40AB-B851-0BCEEB0D7098}.Release|Mixed Platforms.Build.0 = Release|Any CPU
		{9586A4AA-25C3-40AB-B851-0BCEEB0D7098}.Release|x64.ActiveCfg = Release|Any CPU
		{9586A4AA-25C3-40AB-B851-0BCEEB0D7098}.Release|x86.ActiveCfg = Release|Any CPU
		{97DB1E05-3464-477F-A1B6-B45137EF2D46}.Debug|Any CPU.ActiveCfg = Debug|Any CPU
		{97DB1E05-3464-477F-A1B6-B45137EF2D46}.Debug|Any CPU.Build.0 = Debug|Any CPU
		{97DB1E05-3464-477F-A1B6-B45137EF2D46}.Debug|Mixed Platforms.ActiveCfg = Debug|Any CPU
		{97DB1E05-3464-477F-A1B6-B45137EF2D46}.Debug|Mixed Platforms.Build.0 = Debug|Any CPU
		{97DB1E05-3464-477F-A1B6-B45137EF2D46}.Debug|x64.ActiveCfg = Debug|x64
		{97DB1E05-3464-477F-A1B6-B45137EF2D46}.Debug|x64.Build.0 = Debug|x64
		{97DB1E05-3464-477F-A1B6-B45137EF2D46}.Debug|x86.ActiveCfg = Debug|x86
		{97DB1E05-3464-477F-A1B6-B45137EF2D46}.Debug|x86.Build.0 = Debug|x86
		{97DB1E05-3464-477F-A1B6-B45137EF2D46}.Release|Any CPU.ActiveCfg = Release|Any CPU
		{97DB1E05-3464-477F-A1B6-B45137EF2D46}.Release|Any CPU.Build.0 = Release|Any CPU
		{97DB1E05-3464-477F-A1B6-B45137EF2D46}.Release|Mixed Platforms.ActiveCfg = Release|Any CPU
		{97DB1E05-3464-477F-A1B6-B45137EF2D46}.Release|Mixed Platforms.Build.0 = Release|Any CPU
		{97DB1E05-3464-477F-A1B6-B45137EF2D46}.Release|x64.ActiveCfg = Release|Any CPU
		{97DB1E05-3464-477F-A1B6-B45137EF2D46}.Release|x86.ActiveCfg = Release|Any CPU
		{052B7CB2-A48A-4EE9-A9C2-B806B5A08B3A}.Debug|Any CPU.ActiveCfg = Debug|x86
		{052B7CB2-A48A-4EE9-A9C2-B806B5A08B3A}.Debug|Mixed Platforms.ActiveCfg = Debug|x86
		{052B7CB2-A48A-4EE9-A9C2-B806B5A08B3A}.Debug|Mixed Platforms.Build.0 = Debug|x86
		{052B7CB2-A48A-4EE9-A9C2-B806B5A08B3A}.Debug|x64.ActiveCfg = Debug|x86
		{052B7CB2-A48A-4EE9-A9C2-B806B5A08B3A}.Debug|x64.Build.0 = Debug|x86
		{052B7CB2-A48A-4EE9-A9C2-B806B5A08B3A}.Debug|x86.ActiveCfg = Debug|x86
		{052B7CB2-A48A-4EE9-A9C2-B806B5A08B3A}.Debug|x86.Build.0 = Debug|x86
		{052B7CB2-A48A-4EE9-A9C2-B806B5A08B3A}.Release|Any CPU.ActiveCfg = Release|x86
		{052B7CB2-A48A-4EE9-A9C2-B806B5A08B3A}.Release|Mixed Platforms.ActiveCfg = Release|x86
		{052B7CB2-A48A-4EE9-A9C2-B806B5A08B3A}.Release|Mixed Platforms.Build.0 = Release|x86
		{052B7CB2-A48A-4EE9-A9C2-B806B5A08B3A}.Release|x64.ActiveCfg = Release|x86
		{052B7CB2-A48A-4EE9-A9C2-B806B5A08B3A}.Release|x86.ActiveCfg = Release|x86
		{052B7CB2-A48A-4EE9-A9C2-B806B5A08B3A}.Release|x86.Build.0 = Release|x86
		{8E7E59C1-D959-40B1-8061-B3F4E2D5361F}.Debug|Any CPU.ActiveCfg = Debug|Any CPU
		{8E7E59C1-D959-40B1-8061-B3F4E2D5361F}.Debug|Any CPU.Build.0 = Debug|Any CPU
		{8E7E59C1-D959-40B1-8061-B3F4E2D5361F}.Debug|Mixed Platforms.ActiveCfg = Debug|Any CPU
		{8E7E59C1-D959-40B1-8061-B3F4E2D5361F}.Debug|Mixed Platforms.Build.0 = Debug|Any CPU
		{8E7E59C1-D959-40B1-8061-B3F4E2D5361F}.Debug|x64.ActiveCfg = Debug|x64
		{8E7E59C1-D959-40B1-8061-B3F4E2D5361F}.Debug|x64.Build.0 = Debug|x64
		{8E7E59C1-D959-40B1-8061-B3F4E2D5361F}.Debug|x86.ActiveCfg = Debug|x86
		{8E7E59C1-D959-40B1-8061-B3F4E2D5361F}.Debug|x86.Build.0 = Debug|x86
		{8E7E59C1-D959-40B1-8061-B3F4E2D5361F}.Release|Any CPU.ActiveCfg = Release|Any CPU
		{8E7E59C1-D959-40B1-8061-B3F4E2D5361F}.Release|Any CPU.Build.0 = Release|Any CPU
		{8E7E59C1-D959-40B1-8061-B3F4E2D5361F}.Release|Mixed Platforms.ActiveCfg = Release|Any CPU
		{8E7E59C1-D959-40B1-8061-B3F4E2D5361F}.Release|Mixed Platforms.Build.0 = Release|Any CPU
		{8E7E59C1-D959-40B1-8061-B3F4E2D5361F}.Release|x64.ActiveCfg = Release|Any CPU
		{8E7E59C1-D959-40B1-8061-B3F4E2D5361F}.Release|x86.ActiveCfg = Release|Any CPU
		{9BBDDF47-FBB8-4948-BF64-21F797BD4169}.Debug|Any CPU.ActiveCfg = Debug|Any CPU
		{9BBDDF47-FBB8-4948-BF64-21F797BD4169}.Debug|Any CPU.Build.0 = Debug|Any CPU
		{9BBDDF47-FBB8-4948-BF64-21F797BD4169}.Debug|Mixed Platforms.ActiveCfg = Debug|Any CPU
		{9BBDDF47-FBB8-4948-BF64-21F797BD4169}.Debug|Mixed Platforms.Build.0 = Debug|Any CPU
		{9BBDDF47-FBB8-4948-BF64-21F797BD4169}.Debug|x64.ActiveCfg = Debug|x64
		{9BBDDF47-FBB8-4948-BF64-21F797BD4169}.Debug|x64.Build.0 = Debug|x64
		{9BBDDF47-FBB8-4948-BF64-21F797BD4169}.Debug|x86.ActiveCfg = Debug|x86
		{9BBDDF47-FBB8-4948-BF64-21F797BD4169}.Debug|x86.Build.0 = Debug|x86
		{9BBDDF47-FBB8-4948-BF64-21F797BD4169}.Release|Any CPU.ActiveCfg = Release|Any CPU
		{9BBDDF47-FBB8-4948-BF64-21F797BD4169}.Release|Any CPU.Build.0 = Release|Any CPU
		{9BBDDF47-FBB8-4948-BF64-21F797BD4169}.Release|Mixed Platforms.ActiveCfg = Release|Any CPU
		{9BBDDF47-FBB8-4948-BF64-21F797BD4169}.Release|Mixed Platforms.Build.0 = Release|Any CPU
		{9BBDDF47-FBB8-4948-BF64-21F797BD4169}.Release|x64.ActiveCfg = Release|Any CPU
		{9BBDDF47-FBB8-4948-BF64-21F797BD4169}.Release|x86.ActiveCfg = Release|Any CPU
		{DA52D7C3-B871-48EC-B009-AC782AD50266}.Debug|Any CPU.ActiveCfg = Debug|Any CPU
		{DA52D7C3-B871-48EC-B009-AC782AD50266}.Debug|Any CPU.Build.0 = Debug|Any CPU
		{DA52D7C3-B871-48EC-B009-AC782AD50266}.Debug|Mixed Platforms.ActiveCfg = Debug|Any CPU
		{DA52D7C3-B871-48EC-B009-AC782AD50266}.Debug|Mixed Platforms.Build.0 = Debug|Any CPU
		{DA52D7C3-B871-48EC-B009-AC782AD50266}.Debug|x64.ActiveCfg = Debug|x64
		{DA52D7C3-B871-48EC-B009-AC782AD50266}.Debug|x64.Build.0 = Debug|x64
		{DA52D7C3-B871-48EC-B009-AC782AD50266}.Debug|x86.ActiveCfg = Debug|x86
		{DA52D7C3-B871-48EC-B009-AC782AD50266}.Release|Any CPU.ActiveCfg = Release|Any CPU
		{DA52D7C3-B871-48EC-B009-AC782AD50266}.Release|Any CPU.Build.0 = Release|Any CPU
		{DA52D7C3-B871-48EC-B009-AC782AD50266}.Release|Mixed Platforms.ActiveCfg = Release|Any CPU
		{DA52D7C3-B871-48EC-B009-AC782AD50266}.Release|Mixed Platforms.Build.0 = Release|Any CPU
		{DA52D7C3-B871-48EC-B009-AC782AD50266}.Release|x64.ActiveCfg = Release|Any CPU
		{DA52D7C3-B871-48EC-B009-AC782AD50266}.Release|x86.ActiveCfg = Release|Any CPU
	EndGlobalSection
	GlobalSection(SolutionProperties) = preSolution
		HideSolutionNode = FALSE
	EndGlobalSection
EndGlobal
