
Microsoft Visual Studio Solution File, Format Version 12.00
# Visual Studio 2012
Project("{2150E333-8FDC-42A3-9474-1A3956D46DE8}") = "Solution Items", "Solution Items", "{61EC3E5C-9BDD-48E4-9734-664F46B4789D}"
	ProjectSection(SolutionItems) = preProject
		Local.testsettings = Local.testsettings
		TraceAndTestImpact.testsettings = TraceAndTestImpact.testsettings
		WSMailPDF.vsmdi = WSMailPDF.vsmdi
	EndProjectSection
EndProject
Project("{FAE04EC0-301F-11D3-BF4B-00C04F79EFBC}") = "WSMailSupport", "WSMailSupport\WSMailSupport.csproj", "{190C5354-8636-43F3-92CE-35FC2FAA6E94}"
EndProject
Project("{FAE04EC0-301F-11D3-BF4B-00C04F79EFBC}") = "WSMailTryBuy", "WSMailTryBuy\WSMailTryBuy.csproj", "{0DCF4F3A-C92A-4BCA-8E56-8D1452BE86CF}"
EndProject
Project("{6141683F-8A12-4E36-9623-2EB02B2C2303}") = "WSMailTryBuySetupISLE", "WSMailTryBuySetupISLE\WSMailTryBuySetupISLE.isproj", "{80A2F698-98AF-4D67-A739-E71AEB367606}"
	ProjectSection(ProjectDependencies) = postProject
		{0DCF4F3A-C92A-4BCA-8E56-8D1452BE86CF} = {0DCF4F3A-C92A-4BCA-8E56-8D1452BE86CF}
	EndProjectSection
EndProject
Project("{FAE04EC0-301F-11D3-BF4B-00C04F79EFBC}") = "WindowsServiceWrapper", "WINDOWSSERVICEWRAPPER\WindowsServiceWrapper.csproj", "{D65FDA79-C75E-4973-8854-4B2DB879F479}"
EndProject
Global
	GlobalSection(TestCaseManagementSettings) = postSolution
		CategoryFile = WSMailPDF.vsmdi
	EndGlobalSection
	GlobalSection(SolutionConfigurationPlatforms) = preSolution
		CD_ROM|Any CPU = CD_ROM|Any CPU
		CD_ROM|Mixed Platforms = CD_ROM|Mixed Platforms
		CD_ROM|x64 = CD_ROM|x64
		CD_ROM|x86 = CD_ROM|x86
		Debug|Any CPU = Debug|Any CPU
		Debug|Mixed Platforms = Debug|Mixed Platforms
		Debug|x64 = Debug|x64
		Debug|x86 = Debug|x86
		DVD-5|Any CPU = DVD-5|Any CPU
		DVD-5|Mixed Platforms = DVD-5|Mixed Platforms
		DVD-5|x64 = DVD-5|x64
		DVD-5|x86 = DVD-5|x86
		Release|Any CPU = Release|Any CPU
		Release|Mixed Platforms = Release|Mixed Platforms
		Release|x64 = Release|x64
		Release|x86 = Release|x86
		SingleImage|Any CPU = SingleImage|Any CPU
		SingleImage|Mixed Platforms = SingleImage|Mixed Platforms
		SingleImage|x64 = SingleImage|x64
		SingleImage|x86 = SingleImage|x86
	EndGlobalSection
	GlobalSection(ProjectConfigurationPlatforms) = postSolution
		{190C5354-8636-43F3-92CE-35FC2FAA6E94}.CD_ROM|Any CPU.ActiveCfg = Release|Any CPU
		{190C5354-8636-43F3-92CE-35FC2FAA6E94}.CD_ROM|Any CPU.Build.0 = Release|Any CPU
		{190C5354-8636-43F3-92CE-35FC2FAA6E94}.CD_ROM|Mixed Platforms.ActiveCfg = Release|Any CPU
		{190C5354-8636-43F3-92CE-35FC2FAA6E94}.CD_ROM|Mixed Platforms.Build.0 = Release|Any CPU
		{190C5354-8636-43F3-92CE-35FC2FAA6E94}.CD_ROM|x64.ActiveCfg = Release|Any CPU
		{190C5354-8636-43F3-92CE-35FC2FAA6E94}.CD_ROM|x86.ActiveCfg = Release|Any CPU
		{190C5354-8636-43F3-92CE-35FC2FAA6E94}.Debug|Any CPU.ActiveCfg = Debug|Any CPU
		{190C5354-8636-43F3-92CE-35FC2FAA6E94}.Debug|Any CPU.Build.0 = Debug|Any CPU
		{190C5354-8636-43F3-92CE-35FC2FAA6E94}.Debug|Mixed Platforms.ActiveCfg = Debug|Any CPU
		{190C5354-8636-43F3-92CE-35FC2FAA6E94}.Debug|Mixed Platforms.Build.0 = Debug|Any CPU
		{190C5354-8636-43F3-92CE-35FC2FAA6E94}.Debug|x64.ActiveCfg = Debug|Any CPU
		{190C5354-8636-43F3-92CE-35FC2FAA6E94}.Debug|x86.ActiveCfg = Debug|x86
		{190C5354-8636-43F3-92CE-35FC2FAA6E94}.Debug|x86.Build.0 = Debug|x86
		{190C5354-8636-43F3-92CE-35FC2FAA6E94}.DVD-5|Any CPU.ActiveCfg = Debug|Any CPU
		{190C5354-8636-43F3-92CE-35FC2FAA6E94}.DVD-5|Any CPU.Build.0 = Debug|Any CPU
		{190C5354-8636-43F3-92CE-35FC2FAA6E94}.DVD-5|Mixed Platforms.ActiveCfg = Debug|Any CPU
		{190C5354-8636-43F3-92CE-35FC2FAA6E94}.DVD-5|Mixed Platforms.Build.0 = Debug|Any CPU
		{190C5354-8636-43F3-92CE-35FC2FAA6E94}.DVD-5|x64.ActiveCfg = Debug|Any CPU
		{190C5354-8636-43F3-92CE-35FC2FAA6E94}.DVD-5|x86.ActiveCfg = Debug|Any CPU
		{190C5354-8636-43F3-92CE-35FC2FAA6E94}.Release|Any CPU.ActiveCfg = Release|Any CPU
		{190C5354-8636-43F3-92CE-35FC2FAA6E94}.Release|Any CPU.Build.0 = Release|Any CPU
		{190C5354-8636-43F3-92CE-35FC2FAA6E94}.Release|Mixed Platforms.ActiveCfg = Release|Any CPU
		{190C5354-8636-43F3-92CE-35FC2FAA6E94}.Release|Mixed Platforms.Build.0 = Release|Any CPU
		{190C5354-8636-43F3-92CE-35FC2FAA6E94}.Release|x64.ActiveCfg = Release|Any CPU
		{190C5354-8636-43F3-92CE-35FC2FAA6E94}.Release|x86.ActiveCfg = Release|Any CPU
		{190C5354-8636-43F3-92CE-35FC2FAA6E94}.SingleImage|Any CPU.ActiveCfg = Release|Any CPU
		{190C5354-8636-43F3-92CE-35FC2FAA6E94}.SingleImage|Any CPU.Build.0 = Release|Any CPU
		{190C5354-8636-43F3-92CE-35FC2FAA6E94}.SingleImage|Mixed Platforms.ActiveCfg = Release|Any CPU
		{190C5354-8636-43F3-92CE-35FC2FAA6E94}.SingleImage|Mixed Platforms.Build.0 = Release|Any CPU
		{190C5354-8636-43F3-92CE-35FC2FAA6E94}.SingleImage|x64.ActiveCfg = Release|Any CPU
		{190C5354-8636-43F3-92CE-35FC2FAA6E94}.SingleImage|x86.ActiveCfg = Release|Any CPU
		{0DCF4F3A-C92A-4BCA-8E56-8D1452BE86CF}.CD_ROM|Any CPU.ActiveCfg = Release|x64
		{0DCF4F3A-C92A-4BCA-8E56-8D1452BE86CF}.CD_ROM|Mixed Platforms.ActiveCfg = Release|x64
		{0DCF4F3A-C92A-4BCA-8E56-8D1452BE86CF}.CD_ROM|Mixed Platforms.Build.0 = Release|x64
		{0DCF4F3A-C92A-4BCA-8E56-8D1452BE86CF}.CD_ROM|x64.ActiveCfg = Release|x64
		{0DCF4F3A-C92A-4BCA-8E56-8D1452BE86CF}.CD_ROM|x64.Build.0 = Release|x64
		{0DCF4F3A-C92A-4BCA-8E56-8D1452BE86CF}.CD_ROM|x86.ActiveCfg = Release|x64
		{0DCF4F3A-C92A-4BCA-8E56-8D1452BE86CF}.Debug|Any CPU.ActiveCfg = Debug|Any CPU
		{0DCF4F3A-C92A-4BCA-8E56-8D1452BE86CF}.Debug|Any CPU.Build.0 = Debug|Any CPU
		{0DCF4F3A-C92A-4BCA-8E56-8D1452BE86CF}.Debug|Mixed Platforms.ActiveCfg = Debug|x64
		{0DCF4F3A-C92A-4BCA-8E56-8D1452BE86CF}.Debug|Mixed Platforms.Build.0 = Debug|x64
		{0DCF4F3A-C92A-4BCA-8E56-8D1452BE86CF}.Debug|x64.ActiveCfg = Debug|Any CPU
		{0DCF4F3A-C92A-4BCA-8E56-8D1452BE86CF}.Debug|x64.Build.0 = Debug|Any CPU
		{0DCF4F3A-C92A-4BCA-8E56-8D1452BE86CF}.Debug|x86.ActiveCfg = Debug|x86
		{0DCF4F3A-C92A-4BCA-8E56-8D1452BE86CF}.Debug|x86.Build.0 = Debug|x86
		{0DCF4F3A-C92A-4BCA-8E56-8D1452BE86CF}.DVD-5|Any CPU.ActiveCfg = Debug|x64
		{0DCF4F3A-C92A-4BCA-8E56-8D1452BE86CF}.DVD-5|Mixed Platforms.ActiveCfg = Debug|x64
		{0DCF4F3A-C92A-4BCA-8E56-8D1452BE86CF}.DVD-5|Mixed Platforms.Build.0 = Debug|x64
		{0DCF4F3A-C92A-4BCA-8E56-8D1452BE86CF}.DVD-5|x64.ActiveCfg = Debug|x64
		{0DCF4F3A-C92A-4BCA-8E56-8D1452BE86CF}.DVD-5|x64.Build.0 = Debug|x64
		{0DCF4F3A-C92A-4BCA-8E56-8D1452BE86CF}.DVD-5|x86.ActiveCfg = Debug|x64
		{0DCF4F3A-C92A-4BCA-8E56-8D1452BE86CF}.Release|Any CPU.ActiveCfg = Release|x64
		{0DCF4F3A-C92A-4BCA-8E56-8D1452BE86CF}.Release|Mixed Platforms.ActiveCfg = Release|x64
		{0DCF4F3A-C92A-4BCA-8E56-8D1452BE86CF}.Release|Mixed Platforms.Build.0 = Release|x64
		{0DCF4F3A-C92A-4BCA-8E56-8D1452BE86CF}.Release|x64.ActiveCfg = Release|x64
		{0DCF4F3A-C92A-4BCA-8E56-8D1452BE86CF}.Release|x64.Build.0 = Release|x64
		{0DCF4F3A-C92A-4BCA-8E56-8D1452BE86CF}.Release|x86.ActiveCfg = Release|x64
		{0DCF4F3A-C92A-4BCA-8E56-8D1452BE86CF}.SingleImage|Any CPU.ActiveCfg = Release|x64
		{0DCF4F3A-C92A-4BCA-8E56-8D1452BE86CF}.SingleImage|Mixed Platforms.ActiveCfg = Release|x64
		{0DCF4F3A-C92A-4BCA-8E56-8D1452BE86CF}.SingleImage|Mixed Platforms.Build.0 = Release|x64
		{0DCF4F3A-C92A-4BCA-8E56-8D1452BE86CF}.SingleImage|x64.ActiveCfg = Release|x64
		{0DCF4F3A-C92A-4BCA-8E56-8D1452BE86CF}.SingleImage|x64.Build.0 = Release|x64
		{0DCF4F3A-C92A-4BCA-8E56-8D1452BE86CF}.SingleImage|x86.ActiveCfg = Release|x64
		{80A2F698-98AF-4D67-A739-E71AEB367606}.CD_ROM|Any CPU.ActiveCfg = CD_ROM
		{80A2F698-98AF-4D67-A739-E71AEB367606}.CD_ROM|Any CPU.Build.0 = CD_ROM
		{80A2F698-98AF-4D67-A739-E71AEB367606}.CD_ROM|Mixed Platforms.ActiveCfg = CD_ROM
		{80A2F698-98AF-4D67-A739-E71AEB367606}.CD_ROM|Mixed Platforms.Build.0 = CD_ROM
		{80A2F698-98AF-4D67-A739-E71AEB367606}.CD_ROM|x64.ActiveCfg = CD_ROM
		{80A2F698-98AF-4D67-A739-E71AEB367606}.CD_ROM|x64.Build.0 = CD_ROM
		{80A2F698-98AF-4D67-A739-E71AEB367606}.CD_ROM|x86.ActiveCfg = CD_ROM
		{80A2F698-98AF-4D67-A739-E71AEB367606}.CD_ROM|x86.Build.0 = CD_ROM
		{80A2F698-98AF-4D67-A739-E71AEB367606}.Debug|Any CPU.ActiveCfg = DVD-5
		{80A2F698-98AF-4D67-A739-E71AEB367606}.Debug|Any CPU.Build.0 = DVD-5
		{80A2F698-98AF-4D67-A739-E71AEB367606}.Debug|Mixed Platforms.ActiveCfg = DVD-5
		{80A2F698-98AF-4D67-A739-E71AEB367606}.Debug|Mixed Platforms.Build.0 = DVD-5
		{80A2F698-98AF-4D67-A739-E71AEB367606}.Debug|x64.ActiveCfg = DVD-5
		{80A2F698-98AF-4D67-A739-E71AEB367606}.Debug|x64.Build.0 = DVD-5
		{80A2F698-98AF-4D67-A739-E71AEB367606}.Debug|x86.ActiveCfg = DVD-5
		{80A2F698-98AF-4D67-A739-E71AEB367606}.Debug|x86.Build.0 = DVD-5
		{80A2F698-98AF-4D67-A739-E71AEB367606}.DVD-5|Any CPU.ActiveCfg = DVD-5
		{80A2F698-98AF-4D67-A739-E71AEB367606}.DVD-5|Any CPU.Build.0 = DVD-5
		{80A2F698-98AF-4D67-A739-E71AEB367606}.DVD-5|Mixed Platforms.ActiveCfg = DVD-5
		{80A2F698-98AF-4D67-A739-E71AEB367606}.DVD-5|Mixed Platforms.Build.0 = DVD-5
		{80A2F698-98AF-4D67-A739-E71AEB367606}.DVD-5|x64.ActiveCfg = DVD-5
		{80A2F698-98AF-4D67-A739-E71AEB367606}.DVD-5|x64.Build.0 = DVD-5
		{80A2F698-98AF-4D67-A739-E71AEB367606}.DVD-5|x86.ActiveCfg = DVD-5
		{80A2F698-98AF-4D67-A739-E71AEB367606}.DVD-5|x86.Build.0 = DVD-5
		{80A2F698-98AF-4D67-A739-E71AEB367606}.Release|Any CPU.ActiveCfg = SingleImage
		{80A2F698-98AF-4D67-A739-E71AEB367606}.Release|Any CPU.Build.0 = SingleImage
		{80A2F698-98AF-4D67-A739-E71AEB367606}.Release|Mixed Platforms.ActiveCfg = SingleImage
		{80A2F698-98AF-4D67-A739-E71AEB367606}.Release|Mixed Platforms.Build.0 = SingleImage
		{80A2F698-98AF-4D67-A739-E71AEB367606}.Release|x64.ActiveCfg = SingleImage
		{80A2F698-98AF-4D67-A739-E71AEB367606}.Release|x64.Build.0 = SingleImage
		{80A2F698-98AF-4D67-A739-E71AEB367606}.Release|x86.ActiveCfg = SingleImage
		{80A2F698-98AF-4D67-A739-E71AEB367606}.Release|x86.Build.0 = SingleImage
		{80A2F698-98AF-4D67-A739-E71AEB367606}.SingleImage|Any CPU.ActiveCfg = SingleImage
		{80A2F698-98AF-4D67-A739-E71AEB367606}.SingleImage|Any CPU.Build.0 = SingleImage
		{80A2F698-98AF-4D67-A739-E71AEB367606}.SingleImage|Mixed Platforms.ActiveCfg = SingleImage
		{80A2F698-98AF-4D67-A739-E71AEB367606}.SingleImage|Mixed Platforms.Build.0 = SingleImage
		{80A2F698-98AF-4D67-A739-E71AEB367606}.SingleImage|x64.ActiveCfg = SingleImage
		{80A2F698-98AF-4D67-A739-E71AEB367606}.SingleImage|x64.Build.0 = SingleImage
		{80A2F698-98AF-4D67-A739-E71AEB367606}.SingleImage|x86.ActiveCfg = SingleImage
		{80A2F698-98AF-4D67-A739-E71AEB367606}.SingleImage|x86.Build.0 = SingleImage
		{D65FDA79-C75E-4973-8854-4B2DB879F479}.CD_ROM|Any CPU.ActiveCfg = Release|Any CPU
		{D65FDA79-C75E-4973-8854-4B2DB879F479}.CD_ROM|Any CPU.Build.0 = Release|Any CPU
		{D65FDA79-C75E-4973-8854-4B2DB879F479}.CD_ROM|Mixed Platforms.ActiveCfg = Release|x86
		{D65FDA79-C75E-4973-8854-4B2DB879F479}.CD_ROM|Mixed Platforms.Build.0 = Release|x86
		{D65FDA79-C75E-4973-8854-4B2DB879F479}.CD_ROM|x64.ActiveCfg = Release|x64
		{D65FDA79-C75E-4973-8854-4B2DB879F479}.CD_ROM|x64.Build.0 = Release|x64
		{D65FDA79-C75E-4973-8854-4B2DB879F479}.CD_ROM|x86.ActiveCfg = Release|x86
		{D65FDA79-C75E-4973-8854-4B2DB879F479}.CD_ROM|x86.Build.0 = Release|x86
		{D65FDA79-C75E-4973-8854-4B2DB879F479}.Debug|Any CPU.ActiveCfg = Debug|Any CPU
		{D65FDA79-C75E-4973-8854-4B2DB879F479}.Debug|Any CPU.Build.0 = Debug|Any CPU
		{D65FDA79-C75E-4973-8854-4B2DB879F479}.Debug|Mixed Platforms.ActiveCfg = Debug|x86
		{D65FDA79-C75E-4973-8854-4B2DB879F479}.Debug|Mixed Platforms.Build.0 = Debug|x86
		{D65FDA79-C75E-4973-8854-4B2DB879F479}.Debug|x64.ActiveCfg = Debug|Any CPU
		{D65FDA79-C75E-4973-8854-4B2DB879F479}.Debug|x64.Build.0 = Debug|Any CPU
		{D65FDA79-C75E-4973-8854-4B2DB879F479}.Debug|x86.ActiveCfg = Debug|x86
		{D65FDA79-C75E-4973-8854-4B2DB879F479}.Debug|x86.Build.0 = Debug|x86
		{D65FDA79-C75E-4973-8854-4B2DB879F479}.DVD-5|Any CPU.ActiveCfg = Debug|Any CPU
		{D65FDA79-C75E-4973-8854-4B2DB879F479}.DVD-5|Any CPU.Build.0 = Debug|Any CPU
		{D65FDA79-C75E-4973-8854-4B2DB879F479}.DVD-5|Mixed Platforms.ActiveCfg = Debug|x86
		{D65FDA79-C75E-4973-8854-4B2DB879F479}.DVD-5|Mixed Platforms.Build.0 = Debug|x86
		{D65FDA79-C75E-4973-8854-4B2DB879F479}.DVD-5|x64.ActiveCfg = Debug|x64
		{D65FDA79-C75E-4973-8854-4B2DB879F479}.DVD-5|x64.Build.0 = Debug|x64
		{D65FDA79-C75E-4973-8854-4B2DB879F479}.DVD-5|x86.ActiveCfg = Debug|x86
		{D65FDA79-C75E-4973-8854-4B2DB879F479}.DVD-5|x86.Build.0 = Debug|x86
		{D65FDA79-C75E-4973-8854-4B2DB879F479}.Release|Any CPU.ActiveCfg = Release|Any CPU
		{D65FDA79-C75E-4973-8854-4B2DB879F479}.Release|Any CPU.Build.0 = Release|Any CPU
		{D65FDA79-C75E-4973-8854-4B2DB879F479}.Release|Mixed Platforms.ActiveCfg = Release|x86
		{D65FDA79-C75E-4973-8854-4B2DB879F479}.Release|Mixed Platforms.Build.0 = Release|x86
		{D65FDA79-C75E-4973-8854-4B2DB879F479}.Release|x64.ActiveCfg = Release|x64
		{D65FDA79-C75E-4973-8854-4B2DB879F479}.Release|x64.Build.0 = Release|x64
		{D65FDA79-C75E-4973-8854-4B2DB879F479}.Release|x86.ActiveCfg = Release|x86
		{D65FDA79-C75E-4973-8854-4B2DB879F479}.Release|x86.Build.0 = Release|x86
		{D65FDA79-C75E-4973-8854-4B2DB879F479}.SingleImage|Any CPU.ActiveCfg = Release|Any CPU
		{D65FDA79-C75E-4973-8854-4B2DB879F479}.SingleImage|Any CPU.Build.0 = Release|Any CPU
		{D65FDA79-C75E-4973-8854-4B2DB879F479}.SingleImage|Mixed Platforms.ActiveCfg = Release|x86
		{D65FDA79-C75E-4973-8854-4B2DB879F479}.SingleImage|Mixed Platforms.Build.0 = Release|x86
		{D65FDA79-C75E-4973-8854-4B2DB879F479}.SingleImage|x64.ActiveCfg = Release|x64
		{D65FDA79-C75E-4973-8854-4B2DB879F479}.SingleImage|x64.Build.0 = Release|x64
		{D65FDA79-C75E-4973-8854-4B2DB879F479}.SingleImage|x86.ActiveCfg = Release|x86
		{D65FDA79-C75E-4973-8854-4B2DB879F479}.SingleImage|x86.Build.0 = Release|x86
	EndGlobalSection
	GlobalSection(SolutionProperties) = preSolution
		HideSolutionNode = FALSE
	EndGlobalSection
EndGlobal
